// !$*UTF8*$!
{
	archiveVersion = 1;
	classes = {
	};
	objectVersion = 50;
	objects = {

/* Begin PBXBuildFile section */
		49C5047320FAE74E00606011 /* AppDelegate.swift in Sources */ = {isa = PBXBuildFile; fileRef = 49C5047220FAE74E00606011 /* AppDelegate.swift */; };
		49C5047520FAE74E00606011 /* GoalsVC.swift in Sources */ = {isa = PBXBuildFile; fileRef = 49C5047420FAE74E00606011 /* GoalsVC.swift */; };
		49C5047820FAE74E00606011 /* Main.storyboard in Resources */ = {isa = PBXBuildFile; fileRef = 49C5047620FAE74E00606011 /* Main.storyboard */; };
		49C5047B20FAE74E00606011 /* GoalPost.xcdatamodeld in Sources */ = {isa = PBXBuildFile; fileRef = 49C5047920FAE74E00606011 /* GoalPost.xcdatamodeld */; };
		49C5047D20FAE74F00606011 /* Assets.xcassets in Resources */ = {isa = PBXBuildFile; fileRef = 49C5047C20FAE74F00606011 /* Assets.xcassets */; };
		49C5048020FAE74F00606011 /* LaunchScreen.storyboard in Resources */ = {isa = PBXBuildFile; fileRef = 49C5047E20FAE74F00606011 /* LaunchScreen.storyboard */; };
		49C5048E20FBC50100606011 /* GoalCell.swift in Sources */ = {isa = PBXBuildFile; fileRef = 49C5048D20FBC50100606011 /* GoalCell.swift */; };
		49C5049220FBD2D100606011 /* GoalType.swift in Sources */ = {isa = PBXBuildFile; fileRef = 49C5049120FBD2D100606011 /* GoalType.swift */; };
		49C5049620FBEFC700606011 /* CreateGoalVC.swift in Sources */ = {isa = PBXBuildFile; fileRef = 49C5049520FBEFC700606011 /* CreateGoalVC.swift */; };
		49C5049820FBF19200606011 /* UIViewControllerExt.swift in Sources */ = {isa = PBXBuildFile; fileRef = 49C5049720FBF19200606011 /* UIViewControllerExt.swift */; };
		49C5049A20FBF4B500606011 /* UIViewExt.swift in Sources */ = {isa = PBXBuildFile; fileRef = 49C5049920FBF4B500606011 /* UIViewExt.swift */; };
		49C5049C20FBF77B00606011 /* UIButtonExt.swift in Sources */ = {isa = PBXBuildFile; fileRef = 49C5049B20FBF77B00606011 /* UIButtonExt.swift */; };
/* End PBXBuildFile section */

/* Begin PBXFileReference section */
		49C5046F20FAE74E00606011 /* GoalPost.app */ = {isa = PBXFileReference; explicitFileType = wrapper.application; includeInIndex = 0; path = GoalPost.app; sourceTree = BUILT_PRODUCTS_DIR; };
		49C5047220FAE74E00606011 /* AppDelegate.swift */ = {isa = PBXFileReference; lastKnownFileType = sourcecode.swift; path = AppDelegate.swift; sourceTree = "<group>"; };
		49C5047420FAE74E00606011 /* GoalsVC.swift */ = {isa = PBXFileReference; lastKnownFileType = sourcecode.swift; path = GoalsVC.swift; sourceTree = "<group>"; };
		49C5047720FAE74E00606011 /* Base */ = {isa = PBXFileReference; lastKnownFileType = file.storyboard; name = Base; path = Base.lproj/Main.storyboard; sourceTree = "<group>"; };
		49C5047A20FAE74E00606011 /* GoalPost.xcdatamodel */ = {isa = PBXFileReference; lastKnownFileType = wrapper.xcdatamodel; path = GoalPost.xcdatamodel; sourceTree = "<group>"; };
		49C5047C20FAE74F00606011 /* Assets.xcassets */ = {isa = PBXFileReference; lastKnownFileType = folder.assetcatalog; path = Assets.xcassets; sourceTree = "<group>"; };
		49C5047F20FAE74F00606011 /* Base */ = {isa = PBXFileReference; lastKnownFileType = file.storyboard; name = Base; path = Base.lproj/LaunchScreen.storyboard; sourceTree = "<group>"; };
		49C5048120FAE75000606011 /* Info.plist */ = {isa = PBXFileReference; lastKnownFileType = text.plist.xml; path = Info.plist; sourceTree = "<group>"; };
		49C5048D20FBC50100606011 /* GoalCell.swift */ = {isa = PBXFileReference; lastKnownFileType = sourcecode.swift; path = GoalCell.swift; sourceTree = "<group>"; };
		49C5049120FBD2D100606011 /* GoalType.swift */ = {isa = PBXFileReference; lastKnownFileType = sourcecode.swift; path = GoalType.swift; sourceTree = "<group>"; };
		49C5049520FBEFC700606011 /* CreateGoalVC.swift */ = {isa = PBXFileReference; lastKnownFileType = sourcecode.swift; path = CreateGoalVC.swift; sourceTree = "<group>"; };
		49C5049720FBF19200606011 /* UIViewControllerExt.swift */ = {isa = PBXFileReference; lastKnownFileType = sourcecode.swift; path = UIViewControllerExt.swift; sourceTree = "<group>"; };
		49C5049920FBF4B500606011 /* UIViewExt.swift */ = {isa = PBXFileReference; lastKnownFileType = sourcecode.swift; path = UIViewExt.swift; sourceTree = "<group>"; };
		49C5049B20FBF77B00606011 /* UIButtonExt.swift */ = {isa = PBXFileReference; lastKnownFileType = sourcecode.swift; path = UIButtonExt.swift; sourceTree = "<group>"; };
/* End PBXFileReference section */

/* Begin PBXFrameworksBuildPhase section */
		49C5046C20FAE74E00606011 /* Frameworks */ = {
			isa = PBXFrameworksBuildPhase;
			buildActionMask = 2147483647;
			files = (
			);
			runOnlyForDeploymentPostprocessing = 0;
		};
/* End PBXFrameworksBuildPhase section */

/* Begin PBXGroup section */
		49C5046620FAE74E00606011 = {
			isa = PBXGroup;
			children = (
				49C5047120FAE74E00606011 /* GoalPost */,
				49C5047020FAE74E00606011 /* Products */,
			);
			sourceTree = "<group>";
		};
		49C5047020FAE74E00606011 /* Products */ = {
			isa = PBXGroup;
			children = (
				49C5046F20FAE74E00606011 /* GoalPost.app */,
			);
			name = Products;
			sourceTree = "<group>";
		};
		49C5047120FAE74E00606011 /* GoalPost */ = {
			isa = PBXGroup;
			children = (
				49C5048A20FAE7D100606011 /* Controller */,
				49C5048920FAE7C700606011 /* View */,
				49C5048720FAE7B700606011 /* Extensions */,
				49C5048820FAE7BF00606011 /* Enums */,
				49C5047220FAE74E00606011 /* AppDelegate.swift */,
				49C5047620FAE74E00606011 /* Main.storyboard */,
				49C5047C20FAE74F00606011 /* Assets.xcassets */,
				49C5047E20FAE74F00606011 /* LaunchScreen.storyboard */,
				49C5048120FAE75000606011 /* Info.plist */,
				49C5047920FAE74E00606011 /* GoalPost.xcdatamodeld */,
			);
			path = GoalPost;
			sourceTree = "<group>";
		};
		49C5048720FAE7B700606011 /* Extensions */ = {
			isa = PBXGroup;
			children = (
				49C5049720FBF19200606011 /* UIViewControllerExt.swift */,
				49C5049920FBF4B500606011 /* UIViewExt.swift */,
				49C5049B20FBF77B00606011 /* UIButtonExt.swift */,
			);
			path = Extensions;
			sourceTree = "<group>";
		};
		49C5048820FAE7BF00606011 /* Enums */ = {
			isa = PBXGroup;
			children = (
				49C5049120FBD2D100606011 /* GoalType.swift */,
			);
			path = Enums;
			sourceTree = "<group>";
		};
		49C5048920FAE7C700606011 /* View */ = {
			isa = PBXGroup;
			children = (
				49C5048D20FBC50100606011 /* GoalCell.swift */,
			);
			path = View;
			sourceTree = "<group>";
		};
		49C5048A20FAE7D100606011 /* Controller */ = {
			isa = PBXGroup;
			children = (
				49C5047420FAE74E00606011 /* GoalsVC.swift */,
				49C5049520FBEFC700606011 /* CreateGoalVC.swift */,
			);
			path = Controller;
			sourceTree = "<group>";
		};
/* End PBXGroup section */

/* Begin PBXNativeTarget section */
		49C5046E20FAE74E00606011 /* GoalPost */ = {
			isa = PBXNativeTarget;
			buildConfigurationList = 49C5048420FAE75000606011 /* Build configuration list for PBXNativeTarget "GoalPost" */;
			buildPhases = (
				49C5046B20FAE74E00606011 /* Sources */,
				49C5046C20FAE74E00606011 /* Frameworks */,
				49C5046D20FAE74E00606011 /* Resources */,
			);
			buildRules = (
			);
			dependencies = (
			);
			name = GoalPost;
			productName = GoalPost;
			productReference = 49C5046F20FAE74E00606011 /* GoalPost.app */;
			productType = "com.apple.product-type.application";
		};
/* End PBXNativeTarget section */

/* Begin PBXProject section */
		49C5046720FAE74E00606011 /* Project object */ = {
			isa = PBXProject;
			attributes = {
				LastSwiftUpdateCheck = 0940;
				LastUpgradeCheck = 0940;
				ORGANIZATIONNAME = "Ella Robertson";
				TargetAttributes = {
					49C5046E20FAE74E00606011 = {
						CreatedOnToolsVersion = 9.4.1;
					};
				};
			};
			buildConfigurationList = 49C5046A20FAE74E00606011 /* Build configuration list for PBXProject "GoalPost" */;
			compatibilityVersion = "Xcode 9.3";
			developmentRegion = en;
			hasScannedForEncodings = 0;
			knownRegions = (
				en,
				Base,
			);
			mainGroup = 49C5046620FAE74E00606011;
			productRefGroup = 49C5047020FAE74E00606011 /* Products */;
			projectDirPath = "";
			projectRoot = "";
			targets = (
				49C5046E20FAE74E00606011 /* GoalPost */,
			);
		};
/* End PBXProject section */

/* Begin PBXResourcesBuildPhase section */
		49C5046D20FAE74E00606011 /* Resources */ = {
			isa = PBXResourcesBuildPhase;
			buildActionMask = 2147483647;
			files = (
				49C5048020FAE74F00606011 /* LaunchScreen.storyboard in Resources */,
				49C5047D20FAE74F00606011 /* Assets.xcassets in Resources */,
				49C5047820FAE74E00606011 /* Main.storyboard in Resources */,
			);
			runOnlyForDeploymentPostprocessing = 0;
		};
/* End PBXResourcesBuildPhase section */

/* Begin PBXSourcesBuildPhase section */
		49C5046B20FAE74E00606011 /* Sources */ = {
			isa = PBXSourcesBuildPhase;
			buildActionMask = 2147483647;
			files = (
				49C5048E20FBC50100606011 /* GoalCell.swift in Sources */,
				49C5049620FBEFC700606011 /* CreateGoalVC.swift in Sources */,
				49C5049220FBD2D100606011 /* GoalType.swift in Sources */,
				49C5047520FAE74E00606011 /* GoalsVC.swift in Sources */,
				49C5049A20FBF4B500606011 /* UIViewExt.swift in Sources */,
				49C5047320FAE74E00606011 /* AppDelegate.swift in Sources */,
				49C5049820FBF19200606011 /* UIViewControllerExt.swift in Sources */,
				49C5049C20FBF77B00606011 /* UIButtonExt.swift in Sources */,
				49C5047B20FAE74E00606011 /* GoalPost.xcdatamodeld in Sources */,
			);
			runOnlyForDeploymentPostprocessing = 0;
		};
/* End PBXSourcesBuildPhase section */

/* Begin PBXVariantGroup section */
		49C5047620FAE74E00606011 /* Main.storyboard */ = {
			isa = PBXVariantGroup;
			children = (
				49C5047720FAE74E00606011 /* Base */,
			);
			name = Main.storyboard;
			sourceTree = "<group>";
		};
		49C5047E20FAE74F00606011 /* LaunchScreen.storyboard */ = {
			isa = PBXVariantGroup;
			children = (
				49C5047F20FAE74F00606011 /* Base */,
			);
			name = LaunchScreen.storyboard;
			sourceTree = "<group>";
		};
/* End PBXVariantGroup section */

/* Begin XCBuildConfiguration section */
		49C5048220FAE75000606011 /* Debug */ = {
			isa = XCBuildConfiguration;
			buildSettings = {
				ALWAYS_SEARCH_USER_PATHS = NO;
				CLANG_ANALYZER_NONNULL = YES;
				CLANG_ANALYZER_NUMBER_OBJECT_CONVERSION = YES_AGGRESSIVE;
				CLANG_CXX_LANGUAGE_STANDARD = "gnu++14";
				CLANG_CXX_LIBRARY = "libc++";
				CLANG_ENABLE_MODULES = YES;
				CLANG_ENABLE_OBJC_ARC = YES;
				CLANG_ENABLE_OBJC_WEAK = YES;
				CLANG_WARN_BLOCK_CAPTURE_AUTORELEASING = YES;
				CLANG_WARN_BOOL_CONVERSION = YES;
				CLANG_WARN_COMMA = YES;
				CLANG_WARN_CONSTANT_CONVERSION = YES;
				CLANG_WARN_DEPRECATED_OBJC_IMPLEMENTATIONS = YES;
				CLANG_WARN_DIRECT_OBJC_ISA_USAGE = YES_ERROR;
				CLANG_WARN_DOCUMENTATION_COMMENTS = YES;
				CLANG_WARN_EMPTY_BODY = YES;
				CLANG_WARN_ENUM_CONVERSION = YES;
				CLANG_WARN_INFINITE_RECURSION = YES;
				CLANG_WARN_INT_CONVERSION = YES;
				CLANG_WARN_NON_LITERAL_NULL_CONVERSION = YES;
				CLANG_WARN_OBJC_IMPLICIT_RETAIN_SELF = YES;
				CLANG_WARN_OBJC_LITERAL_CONVERSION = YES;
				CLANG_WARN_OBJC_ROOT_CLASS = YES_ERROR;
				CLANG_WARN_RANGE_LOOP_ANALYSIS = YES;
				CLANG_WARN_STRICT_PROTOTYPES = YES;
				CLANG_WARN_SUSPICIOUS_MOVE = YES;
				CLANG_WARN_UNGUARDED_AVAILABILITY = YES_AGGRESSIVE;
				CLANG_WARN_UNREACHABLE_CODE = YES;
				CLANG_WARN__DUPLICATE_METHOD_MATCH = YES;
				CODE_SIGN_IDENTITY = "iPhone Developer";
				COPY_PHASE_STRIP = NO;
				DEBUG_INFORMATION_FORMAT = dwarf;
				ENABLE_STRICT_OBJC_MSGSEND = YES;
				ENABLE_TESTABILITY = YES;
				GCC_C_LANGUAGE_STANDARD = gnu11;
				GCC_DYNAMIC_NO_PIC = NO;
				GCC_NO_COMMON_BLOCKS = YES;
				GCC_OPTIMIZATION_LEVEL = 0;
				GCC_PREPROCESSOR_DEFINITIONS = (
					"DEBUG=1",
					"$(inherited)",
				);
				GCC_WARN_64_TO_32_BIT_CONVERSION = YES;
				GCC_WARN_ABOUT_RETURN_TYPE = YES_ERROR;
				GCC_WARN_UNDECLARED_SELECTOR = YES;
				GCC_WARN_UNINITIALIZED_AUTOS = YES_AGGRESSIVE;
				GCC_WARN_UNUSED_FUNCTION = YES;
				GCC_WARN_UNUSED_VARIABLE = YES;
				IPHONEOS_DEPLOYMENT_TARGET = 11.4;
				MTL_ENABLE_DEBUG_INFO = YES;
				ONLY_ACTIVE_ARCH = YES;
				SDKROOT = iphoneos;
				SWIFT_ACTIVE_COMPILATION_CONDITIONS = DEBUG;
				SWIFT_OPTIMIZATION_LEVEL = "-Onone";
			};
			name = Debug;
		};
		49C5048320FAE75000606011 /* Release */ = {
			isa = XCBuildConfiguration;
			buildSettings = {
				ALWAYS_SEARCH_USER_PATHS = NO;
				CLANG_ANALYZER_NONNULL = YES;
				CLANG_ANALYZER_NUMBER_OBJECT_CONVERSION = YES_AGGRESSIVE;
				CLANG_CXX_LANGUAGE_STANDARD = "gnu++14";
				CLANG_CXX_LIBRARY = "libc++";
				CLANG_ENABLE_MODULES = YES;
				CLANG_ENABLE_OBJC_ARC = YES;
				CLANG_ENABLE_OBJC_WEAK = YES;
				CLANG_WARN_BLOCK_CAPTURE_AUTORELEASING = YES;
				CLANG_WARN_BOOL_CONVERSION = YES;
				CLANG_WARN_COMMA = YES;
				CLANG_WARN_CONSTANT_CONVERSION = YES;
				CLANG_WARN_DEPRECATED_OBJC_IMPLEMENTATIONS = YES;
				CLANG_WARN_DIRECT_OBJC_ISA_USAGE = YES_ERROR;
				CLANG_WARN_DOCUMENTATION_COMMENTS = YES;
				CLANG_WARN_EMPTY_BODY = YES;
				CLANG_WARN_ENUM_CONVERSION = YES;
				CLANG_WARN_INFINITE_RECURSION = YES;
				CLANG_WARN_INT_CONVERSION = YES;
				CLANG_WARN_NON_LITERAL_NULL_CONVERSION = YES;
				CLANG_WARN_OBJC_IMPLICIT_RETAIN_SELF = YES;
				CLANG_WARN_OBJC_LITERAL_CONVERSION = YES;
				CLANG_WARN_OBJC_ROOT_CLASS = YES_ERROR;
				CLANG_WARN_RANGE_LOOP_ANALYSIS = YES;
				CLANG_WARN_STRICT_PROTOTYPES = YES;
				CLANG_WARN_SUSPICIOUS_MOVE = YES;
				CLANG_WARN_UNGUARDED_AVAILABILITY = YES_AGGRESSIVE;
				CLANG_WARN_UNREACHABLE_CODE = YES;
				CLANG_WARN__DUPLICATE_METHOD_MATCH = YES;
				CODE_SIGN_IDENTITY = "iPhone Developer";
				COPY_PHASE_STRIP = NO;
				DEBUG_INFORMATION_FORMAT = "dwarf-with-dsym";
				ENABLE_NS_ASSERTIONS = NO;
				ENABLE_STRICT_OBJC_MSGSEND = YES;
				GCC_C_LANGUAGE_STANDARD = gnu11;
				GCC_NO_COMMON_BLOCKS = YES;
				GCC_WARN_64_TO_32_BIT_CONVERSION = YES;
				GCC_WARN_ABOUT_RETURN_TYPE = YES_ERROR;
				GCC_WARN_UNDECLARED_SELECTOR = YES;
				GCC_WARN_UNINITIALIZED_AUTOS = YES_AGGRESSIVE;
				GCC_WARN_UNUSED_FUNCTION = YES;
				GCC_WARN_UNUSED_VARIABLE = YES;
				IPHONEOS_DEPLOYMENT_TARGET = 11.4;
				MTL_ENABLE_DEBUG_INFO = NO;
				SDKROOT = iphoneos;
				SWIFT_COMPILATION_MODE = wholemodule;
				SWIFT_OPTIMIZATION_LEVEL = "-O";
				VALIDATE_PRODUCT = YES;
			};
			name = Release;
		};
		49C5048520FAE75000606011 /* Debug */ = {
			isa = XCBuildConfiguration;
			buildSettings = {
				ASSETCATALOG_COMPILER_APPICON_NAME = AppIcon;
				CODE_SIGN_STYLE = Automatic;
				INFOPLIST_FILE = GoalPost/Info.plist;
				LD_RUNPATH_SEARCH_PATHS = (
					"$(inherited)",
					"@executable_path/Frameworks",
				);
				PRODUCT_BUNDLE_IDENTIFIER = "Ella-Robertson.GoalPost";
				PRODUCT_NAME = "$(TARGET_NAME)";
				SWIFT_VERSION = 4.0;
				TARGETED_DEVICE_FAMILY = "1,2";
			};
			name = Debug;
		};
		49C5048620FAE75000606011 /* Release */ = {
			isa = XCBuildConfiguration;
			buildSettings = {
				ASSETCATALOG_COMPILER_APPICON_NAME = AppIcon;
				CODE_SIGN_STYLE = Automatic;
				INFOPLIST_FILE = GoalPost/Info.plist;
				LD_RUNPATH_SEARCH_PATHS = (
					"$(inherited)",
					"@executable_path/Frameworks",
				);
				PRODUCT_BUNDLE_IDENTIFIER = "Ella-Robertson.GoalPost";
				PRODUCT_NAME = "$(TARGET_NAME)";
				SWIFT_VERSION = 4.0;
				TARGETED_DEVICE_FAMILY = "1,2";
			};
			name = Release;
		};
/* End XCBuildConfiguration section */

/* Begin XCConfigurationList section */
		49C5046A20FAE74E00606011 /* Build configuration list for PBXProject "GoalPost" */ = {
			isa = XCConfigurationList;
			buildConfigurations = (
				49C5048220FAE75000606011 /* Debug */,
				49C5048320FAE75000606011 /* Release */,
			);
			defaultConfigurationIsVisible = 0;
			defaultConfigurationName = Release;
		};
		49C5048420FAE75000606011 /* Build configuration list for PBXNativeTarget "GoalPost" */ = {
			isa = XCConfigurationList;
			buildConfigurations = (
				49C5048520FAE75000606011 /* Debug */,
				49C5048620FAE75000606011 /* Release */,
			);
			defaultConfigurationIsVisible = 0;
			defaultConfigurationName = Release;
		};
/* End XCConfigurationList section */

/* Begin XCVersionGroup section */
		49C5047920FAE74E00606011 /* GoalPost.xcdatamodeld */ = {
			isa = XCVersionGroup;
			children = (
				49C5047A20FAE74E00606011 /* GoalPost.xcdatamodel */,
			);
			currentVersion = 49C5047A20FAE74E00606011 /* GoalPost.xcdatamodel */;
			path = GoalPost.xcdatamodeld;
			sourceTree = "<group>";
			versionGroupType = wrapper.xcdatamodel;
		};
/* End XCVersionGroup section */
	};
	rootObject = 49C5046720FAE74E00606011 /* Project object */;
}
